
Microsoft Visual Studio Solution File, Format Version 12.00
# Visual Studio 15
VisualStudioVersion = 15.0.28307.705
MinimumVisualStudioVersion = 10.0.40219.1
Project("{FAE04EC0-301F-11D3-BF4B-00C04F79EFBC}") = "stopWatch", "stopWatch.csproj", "{01DB1474-F73F-4440-AB76-E76D8A07AB83}"
EndProject
Global
	GlobalSection(SolutionConfigurationPlatforms) = preSolution
		Debug|Any CPU = Debug|Any CPU
		Release|Any CPU = Release|Any CPU
	EndGlobalSection
	GlobalSection(ProjectConfigurationPlatforms) = postSolution
		{01DB1474-F73F-4440-AB76-E76D8A07AB83}.Debug|Any CPU.ActiveCfg = Debug|Any CPU
		{01DB1474-F73F-4440-AB76-E76D8A07AB83}.Debug|Any CPU.Build.0 = Debug|Any CPU
		{01DB1474-F73F-4440-AB76-E76D8A07AB83}.Release|Any CPU.ActiveCfg = Release|Any CPU
		{01DB1474-F73F-4440-AB76-E76D8A07AB83}.Release|Any CPU.Build.0 = Release|Any CPU
	EndGlobalSection
	GlobalSection(SolutionProperties) = preSolution
		HideSolutionNode = FALSE
	EndGlobalSection
	GlobalSection(ExtensibilityGlobals) = postSolution
		SolutionGuid = {F7ABBF0C-200F-4667-B78F-0CE531603837}
	EndGlobalSection
EndGlobal
